speakeasyVersion: 1.543.8
sources:
    Logto API references:
        sourceNamespace: logto-api-references
        sourceRevisionDigest: sha256:a8a39f29dc7cb23c93b034f92cf8d8cae54e6dd22fffc0dcd6ff91bb0c4ea02c
        sourceBlobDigest: sha256:f5ec3d62f6a906ba54f1bcb73c4741cb830d901f494620ec03cd24946c0f5cfb
        tags:
            - latest
            - Cloud
targets:
    logto-management-api:
        source: Logto API references
        sourceNamespace: logto-api-references
        sourceRevisionDigest: sha256:a8a39f29dc7cb23c93b034f92cf8d8cae54e6dd22fffc0dcd6ff91bb0c4ea02c
        sourceBlobDigest: sha256:f5ec3d62f6a906ba54f1bcb73c4741cb830d901f494620ec03cd24946c0f5cfb
        codeSamplesNamespace: logto-api-references-go-code-samples
        codeSamplesRevisionDigest: sha256:22b50fcfabc4d5b1791c49f980f48a3fe851e27e4fb3e32844c45cb728ef086d
workflow:
    workflowVersion: 1.0.0
    speakeasyVersion: latest
    sources:
        Logto API references:
            inputs:
                - location: ../logto-openapi-source.json
            overlays:
                - location: .speakeasy/speakeasy-modifications-overlay.yaml
            registry:
                location: registry.speakeasyapi.dev/wtf/temp/logto-api-references
    targets:
        logto-management-api:
            target: go
            source: Logto API references
            codeSamples:
                registry:
                    location: registry.speakeasyapi.dev/wtf/temp/logto-api-references-go-code-samples
                labelOverride:
                    fixedValue: Go (SDK)
                blocking: false
